// !$*UTF8*$!
{
	archiveVersion = 1;
	classes = {
	};
	objectVersion = 55;
	objects = {

/* Begin PBXBuildFile section */
		051C8E9216FD43CE32D14EE1 /* Pods_SampleYoutube.framework in Frameworks */ = {isa = PBXBuildFile; fileRef = D5C54C6FFBDF34FE98F1BDBA /* Pods_SampleYoutube.framework */; };
		F4058CB827985085003F3604 /* Localizable.ja.strings in Resources */ = {isa = PBXBuildFile; fileRef = F4058CB727985085003F3604 /* Localizable.ja.strings */; };
		F4058CBA27985096003F3604 /* Localizable.en.strings in Resources */ = {isa = PBXBuildFile; fileRef = F4058CB927985096003F3604 /* Localizable.en.strings */; };
		F4058CC2279853C8003F3604 /* Home.storyboard in Resources */ = {isa = PBXBuildFile; fileRef = F4058CC1279853C8003F3604 /* Home.storyboard */; };
		F427C026278B94CE008C3F7C /* AppDelegate.swift in Sources */ = {isa = PBXBuildFile; fileRef = F427C025278B94CE008C3F7C /* AppDelegate.swift */; };
		F427C028278B94CE008C3F7C /* SceneDelegate.swift in Sources */ = {isa = PBXBuildFile; fileRef = F427C027278B94CE008C3F7C /* SceneDelegate.swift */; };
		F427C02A278B94CE008C3F7C /* ViewController.swift in Sources */ = {isa = PBXBuildFile; fileRef = F427C029278B94CE008C3F7C /* ViewController.swift */; };
		F427C02D278B94CE008C3F7C /* Main.storyboard in Resources */ = {isa = PBXBuildFile; fileRef = F427C02B278B94CE008C3F7C /* Main.storyboard */; };
		F427C02F278B94CF008C3F7C /* Assets.xcassets in Resources */ = {isa = PBXBuildFile; fileRef = F427C02E278B94CF008C3F7C /* Assets.xcassets */; };
		F427C032278B94CF008C3F7C /* LaunchScreen.storyboard in Resources */ = {isa = PBXBuildFile; fileRef = F427C030278B94CF008C3F7C /* LaunchScreen.storyboard */; };
		F427C03E278BA445008C3F7C /* User.swift in Sources */ = {isa = PBXBuildFile; fileRef = F427C03D278BA445008C3F7C /* User.swift */; };
		F427C040278BA472008C3F7C /* Video.swift in Sources */ = {isa = PBXBuildFile; fileRef = F427C03F278BA472008C3F7C /* Video.swift */; };
		F427C042278BA49A008C3F7C /* Playlist.swift in Sources */ = {isa = PBXBuildFile; fileRef = F427C041278BA49A008C3F7C /* Playlist.swift */; };
		F427C044278BA76C008C3F7C /* Account.swift in Sources */ = {isa = PBXBuildFile; fileRef = F427C043278BA76C008C3F7C /* Account.swift */; };
		F45794D52871395600CF32A8 /* SearchViewController.swift in Sources */ = {isa = PBXBuildFile; fileRef = F45794D42871395600CF32A8 /* SearchViewController.swift */; };
		F4669621283D11090049B882 /* VideoCollectionViewCell.swift in Sources */ = {isa = PBXBuildFile; fileRef = F466961F283D11090049B882 /* VideoCollectionViewCell.swift */; };
		F4669622283D11090049B882 /* VideoCollectionViewCell.xib in Resources */ = {isa = PBXBuildFile; fileRef = F4669620283D11090049B882 /* VideoCollectionViewCell.xib */; };
		F470F7F62871E22A00C39693 /* DefaultViewController.swift in Sources */ = {isa = PBXBuildFile; fileRef = F470F7F52871E22A00C39693 /* DefaultViewController.swift */; };
		F485E9AE279EF6450091E63F /* Short.storyboard in Resources */ = {isa = PBXBuildFile; fileRef = F485E9AD279EF6450091E63F /* Short.storyboard */; };
		F4C3576428A4885900BB8E31 /* CommonButton.swift in Sources */ = {isa = PBXBuildFile; fileRef = F4C3576328A4885900BB8E31 /* CommonButton.swift */; };
		F4C3576528A4CBA400BB8E31 /* Pods-SampleYoutube.debug.xcconfig in Resources */ = {isa = PBXBuildFile; fileRef = 33E943910400154298BEB41B /* Pods-SampleYoutube.debug.xcconfig */; };
		F4C3576628A4CBA700BB8E31 /* Pods-SampleYoutube.release.xcconfig in Resources */ = {isa = PBXBuildFile; fileRef = 3F9F34DAF0B42DCDC714428D /* Pods-SampleYoutube.release.xcconfig */; };
		F4D32D43279D4BD200A1059B /* VideoTableViewCell.swift in Sources */ = {isa = PBXBuildFile; fileRef = F4D32D41279D4BD200A1059B /* VideoTableViewCell.swift */; };
		F4D32D44279D4BD200A1059B /* VideoTableViewCell.xib in Resources */ = {isa = PBXBuildFile; fileRef = F4D32D42279D4BD200A1059B /* VideoTableViewCell.xib */; };
		F4D32D46279D836E00A1059B /* HomeViewController.swift in Sources */ = {isa = PBXBuildFile; fileRef = F4D32D45279D836E00A1059B /* HomeViewController.swift */; };
/* End PBXBuildFile section */

/* Begin PBXFileReference section */
		33E943910400154298BEB41B /* Pods-SampleYoutube.debug.xcconfig */ = {isa = PBXFileReference; includeInIndex = 1; lastKnownFileType = text.xcconfig; name = "Pods-SampleYoutube.debug.xcconfig"; path = "Target Support Files/Pods-SampleYoutube/Pods-SampleYoutube.debug.xcconfig"; sourceTree = "<group>"; };
		3F9F34DAF0B42DCDC714428D /* Pods-SampleYoutube.release.xcconfig */ = {isa = PBXFileReference; includeInIndex = 1; lastKnownFileType = text.xcconfig; name = "Pods-SampleYoutube.release.xcconfig"; path = "Target Support Files/Pods-SampleYoutube/Pods-SampleYoutube.release.xcconfig"; sourceTree = "<group>"; };
		D5C54C6FFBDF34FE98F1BDBA /* Pods_SampleYoutube.framework */ = {isa = PBXFileReference; explicitFileType = wrapper.framework; includeInIndex = 0; path = Pods_SampleYoutube.framework; sourceTree = BUILT_PRODUCTS_DIR; };
		F4058CB727985085003F3604 /* Localizable.ja.strings */ = {isa = PBXFileReference; lastKnownFileType = text.plist.strings; path = Localizable.ja.strings; sourceTree = "<group>"; };
		F4058CB927985096003F3604 /* Localizable.en.strings */ = {isa = PBXFileReference; lastKnownFileType = text.plist.strings; path = Localizable.en.strings; sourceTree = "<group>"; };
		F4058CC1279853C8003F3604 /* Home.storyboard */ = {isa = PBXFileReference; lastKnownFileType = file.storyboard; path = Home.storyboard; sourceTree = "<group>"; };
		F427C022278B94CE008C3F7C /* SampleYoutube.app */ = {isa = PBXFileReference; explicitFileType = wrapper.application; includeInIndex = 0; path = SampleYoutube.app; sourceTree = BUILT_PRODUCTS_DIR; };
		F427C025278B94CE008C3F7C /* AppDelegate.swift */ = {isa = PBXFileReference; lastKnownFileType = sourcecode.swift; path = AppDelegate.swift; sourceTree = "<group>"; };
		F427C027278B94CE008C3F7C /* SceneDelegate.swift */ = {isa = PBXFileReference; lastKnownFileType = sourcecode.swift; path = SceneDelegate.swift; sourceTree = "<group>"; };
		F427C029278B94CE008C3F7C /* ViewController.swift */ = {isa = PBXFileReference; lastKnownFileType = sourcecode.swift; path = ViewController.swift; sourceTree = "<group>"; };
		F427C02C278B94CE008C3F7C /* Base */ = {isa = PBXFileReference; lastKnownFileType = file.storyboard; name = Base; path = Base.lproj/Main.storyboard; sourceTree = "<group>"; };
		F427C02E278B94CF008C3F7C /* Assets.xcassets */ = {isa = PBXFileReference; lastKnownFileType = folder.assetcatalog; path = Assets.xcassets; sourceTree = "<group>"; };
		F427C031278B94CF008C3F7C /* Base */ = {isa = PBXFileReference; lastKnownFileType = file.storyboard; name = Base; path = Base.lproj/LaunchScreen.storyboard; sourceTree = "<group>"; };
		F427C033278B94CF008C3F7C /* Info.plist */ = {isa = PBXFileReference; lastKnownFileType = text.plist.xml; path = Info.plist; sourceTree = "<group>"; };
		F427C03D278BA445008C3F7C /* User.swift */ = {isa = PBXFileReference; lastKnownFileType = sourcecode.swift; path = User.swift; sourceTree = "<group>"; };
		F427C03F278BA472008C3F7C /* Video.swift */ = {isa = PBXFileReference; lastKnownFileType = sourcecode.swift; path = Video.swift; sourceTree = "<group>"; };
		F427C041278BA49A008C3F7C /* Playlist.swift */ = {isa = PBXFileReference; lastKnownFileType = sourcecode.swift; path = Playlist.swift; sourceTree = "<group>"; };
		F427C043278BA76C008C3F7C /* Account.swift */ = {isa = PBXFileReference; lastKnownFileType = sourcecode.swift; path = Account.swift; sourceTree = "<group>"; };
		F45794D42871395600CF32A8 /* SearchViewController.swift */ = {isa = PBXFileReference; lastKnownFileType = sourcecode.swift; path = SearchViewController.swift; sourceTree = "<group>"; };
		F466961F283D11090049B882 /* VideoCollectionViewCell.swift */ = {isa = PBXFileReference; lastKnownFileType = sourcecode.swift; path = VideoCollectionViewCell.swift; sourceTree = "<group>"; };
		F4669620283D11090049B882 /* VideoCollectionViewCell.xib */ = {isa = PBXFileReference; lastKnownFileType = file.xib; path = VideoCollectionViewCell.xib; sourceTree = "<group>"; };
		F470F7F52871E22A00C39693 /* DefaultViewController.swift */ = {isa = PBXFileReference; lastKnownFileType = sourcecode.swift; path = DefaultViewController.swift; sourceTree = "<group>"; };
		F485E9AD279EF6450091E63F /* Short.storyboard */ = {isa = PBXFileReference; lastKnownFileType = file.storyboard; path = Short.storyboard; sourceTree = "<group>"; };
		F4C3576328A4885900BB8E31 /* CommonButton.swift */ = {isa = PBXFileReference; lastKnownFileType = sourcecode.swift; path = CommonButton.swift; sourceTree = "<group>"; };
		F4D32D41279D4BD200A1059B /* VideoTableViewCell.swift */ = {isa = PBXFileReference; lastKnownFileType = sourcecode.swift; path = VideoTableViewCell.swift; sourceTree = "<group>"; };
		F4D32D42279D4BD200A1059B /* VideoTableViewCell.xib */ = {isa = PBXFileReference; lastKnownFileType = file.xib; path = VideoTableViewCell.xib; sourceTree = "<group>"; };
		F4D32D45279D836E00A1059B /* HomeViewController.swift */ = {isa = PBXFileReference; lastKnownFileType = sourcecode.swift; path = HomeViewController.swift; sourceTree = "<group>"; };
/* End PBXFileReference section */

/* Begin PBXFrameworksBuildPhase section */
		F427C01F278B94CE008C3F7C /* Frameworks */ = {
			isa = PBXFrameworksBuildPhase;
			buildActionMask = 2147483647;
			files = (
				051C8E9216FD43CE32D14EE1 /* Pods_SampleYoutube.framework in Frameworks */,
			);
			runOnlyForDeploymentPostprocessing = 0;
		};
/* End PBXFrameworksBuildPhase section */

/* Begin PBXGroup section */
		037B3455661AD648E064E7F8 /* Frameworks */ = {
			isa = PBXGroup;
			children = (
				D5C54C6FFBDF34FE98F1BDBA /* Pods_SampleYoutube.framework */,
			);
			name = Frameworks;
			sourceTree = "<group>";
		};
		A1E08E93F791CC52051045AD /* Pods */ = {
			isa = PBXGroup;
			children = (
				33E943910400154298BEB41B /* Pods-SampleYoutube.debug.xcconfig */,
				3F9F34DAF0B42DCDC714428D /* Pods-SampleYoutube.release.xcconfig */,
			);
			path = Pods;
			sourceTree = "<group>";
		};
		F4058CB52798501A003F3604 /* ja */ = {
			isa = PBXGroup;
			children = (
				F4058CB727985085003F3604 /* Localizable.ja.strings */,
			);
			path = ja;
			sourceTree = "<group>";
		};
		F4058CB627985030003F3604 /* en */ = {
			isa = PBXGroup;
			children = (
				F4058CB927985096003F3604 /* Localizable.en.strings */,
			);
			path = en;
			sourceTree = "<group>";
		};
		F4058CBB279850F2003F3604 /* Collections */ = {
			isa = PBXGroup;
			children = (
				F4058CBC27985125003F3604 /* Cells */,
			);
			path = Collections;
			sourceTree = "<group>";
		};
		F4058CBC27985125003F3604 /* Cells */ = {
			isa = PBXGroup;
			children = (
				F4D32D41279D4BD200A1059B /* VideoTableViewCell.swift */,
				F4D32D42279D4BD200A1059B /* VideoTableViewCell.xib */,
				F466961F283D11090049B882 /* VideoCollectionViewCell.swift */,
				F4669620283D11090049B882 /* VideoCollectionViewCell.xib */,
			);
			path = Cells;
			sourceTree = "<group>";
		};
		F4058CBD279852CC003F3604 /* Home */ = {
			isa = PBXGroup;
			children = (
				F4058CC1279853C8003F3604 /* Home.storyboard */,
				F4D32D45279D836E00A1059B /* HomeViewController.swift */,
				F470F7F52871E22A00C39693 /* DefaultViewController.swift */,
			);
			path = Home;
			sourceTree = "<group>";
		};
		F4058CBE279852D6003F3604 /* Short */ = {
			isa = PBXGroup;
			children = (
				F485E9AD279EF6450091E63F /* Short.storyboard */,
			);
			path = Short;
			sourceTree = "<group>";
		};
		F4058CBF279852E2003F3604 /* SubscribeChannel */ = {
			isa = PBXGroup;
			children = (
			);
			path = SubscribeChannel;
			sourceTree = "<group>";
		};
		F4058CC027985333003F3604 /* Library */ = {
			isa = PBXGroup;
			children = (
			);
			path = Library;
			sourceTree = "<group>";
		};
		F427C019278B94CE008C3F7C = {
			isa = PBXGroup;
			children = (
				F427C024278B94CE008C3F7C /* SampleYoutube */,
				F427C023278B94CE008C3F7C /* Products */,
				A1E08E93F791CC52051045AD /* Pods */,
				037B3455661AD648E064E7F8 /* Frameworks */,
			);
			sourceTree = "<group>";
		};
		F427C023278B94CE008C3F7C /* Products */ = {
			isa = PBXGroup;
			children = (
				F427C022278B94CE008C3F7C /* SampleYoutube.app */,
			);
			name = Products;
			sourceTree = "<group>";
		};
		F427C024278B94CE008C3F7C /* SampleYoutube */ = {
			isa = PBXGroup;
			children = (
				F427C03C278B9DD0008C3F7C /* Locales */,
				F427C039278B9D1B008C3F7C /* Models */,
				F427C03A278B9D24008C3F7C /* Controllers */,
				F427C03B278B9D35008C3F7C /* Views */,
				F427C025278B94CE008C3F7C /* AppDelegate.swift */,
				F427C027278B94CE008C3F7C /* SceneDelegate.swift */,
				F427C029278B94CE008C3F7C /* ViewController.swift */,
				F427C02B278B94CE008C3F7C /* Main.storyboard */,
				F427C02E278B94CF008C3F7C /* Assets.xcassets */,
				F427C030278B94CF008C3F7C /* LaunchScreen.storyboard */,
				F427C033278B94CF008C3F7C /* Info.plist */,
			);
			path = SampleYoutube;
			sourceTree = "<group>";
		};
		F427C039278B9D1B008C3F7C /* Models */ = {
			isa = PBXGroup;
			children = (
				F427C03D278BA445008C3F7C /* User.swift */,
				F427C03F278BA472008C3F7C /* Video.swift */,
				F427C041278BA49A008C3F7C /* Playlist.swift */,
				F427C043278BA76C008C3F7C /* Account.swift */,
			);
			path = Models;
			sourceTree = "<group>";
		};
		F427C03A278B9D24008C3F7C /* Controllers */ = {
			isa = PBXGroup;
			children = (
				F4058CBD279852CC003F3604 /* Home */,
				F45794D3287138DB00CF32A8 /* Search */,
				F4058CBE279852D6003F3604 /* Short */,
				F4058CC027985333003F3604 /* Library */,
				F4058CBF279852E2003F3604 /* SubscribeChannel */,
			);
			path = Controllers;
			sourceTree = "<group>";
		};
		F427C03B278B9D35008C3F7C /* Views */ = {
			isa = PBXGroup;
			children = (
				F4C3576028A4865E00BB8E31 /* buttons */,
				F4058CBB279850F2003F3604 /* Collections */,
			);
			path = Views;
			sourceTree = "<group>";
		};
		F427C03C278B9DD0008C3F7C /* Locales */ = {
			isa = PBXGroup;
			children = (
				F4058CB627985030003F3604 /* en */,
				F4058CB52798501A003F3604 /* ja */,
			);
			path = Locales;
			sourceTree = "<group>";
		};
		F45794D3287138DB00CF32A8 /* Search */ = {
			isa = PBXGroup;
			children = (
				F45794D42871395600CF32A8 /* SearchViewController.swift */,
			);
			path = Search;
			sourceTree = "<group>";
		};
		F4C3576028A4865E00BB8E31 /* buttons */ = {
			isa = PBXGroup;
			children = (
				F4C3576328A4885900BB8E31 /* CommonButton.swift */,
			);
			path = buttons;
			sourceTree = "<group>";
		};
/* End PBXGroup section */

/* Begin PBXNativeTarget section */
		F427C021278B94CE008C3F7C /* SampleYoutube */ = {
			isa = PBXNativeTarget;
			buildConfigurationList = F427C036278B94CF008C3F7C /* Build configuration list for PBXNativeTarget "SampleYoutube" */;
			buildPhases = (
				856F1EE63695F473D3C9B058 /* [CP] Check Pods Manifest.lock */,
				F427C01E278B94CE008C3F7C /* Sources */,
				F427C01F278B94CE008C3F7C /* Frameworks */,
				F427C020278B94CE008C3F7C /* Resources */,
				66E920A99C821137F0478AA7 /* [CP] Embed Pods Frameworks */,
			);
			buildRules = (
			);
			dependencies = (
			);
			name = SampleYoutube;
			productName = SampleYoutube;
			productReference = F427C022278B94CE008C3F7C /* SampleYoutube.app */;
			productType = "com.apple.product-type.application";
		};
/* End PBXNativeTarget section */

/* Begin PBXProject section */
		F427C01A278B94CE008C3F7C /* Project object */ = {
			isa = PBXProject;
			attributes = {
				BuildIndependentTargetsInParallel = 1;
				LastSwiftUpdateCheck = 1320;
				LastUpgradeCheck = 1320;
				TargetAttributes = {
					F427C021278B94CE008C3F7C = {
						CreatedOnToolsVersion = 13.2.1;
					};
				};
			};
			buildConfigurationList = F427C01D278B94CE008C3F7C /* Build configuration list for PBXProject "SampleYoutube" */;
			compatibilityVersion = "Xcode 13.0";
			developmentRegion = en;
			hasScannedForEncodings = 0;
			knownRegions = (
				en,
				Base,
			);
			mainGroup = F427C019278B94CE008C3F7C;
			productRefGroup = F427C023278B94CE008C3F7C /* Products */;
			projectDirPath = "";
			projectRoot = "";
			targets = (
				F427C021278B94CE008C3F7C /* SampleYoutube */,
			);
		};
/* End PBXProject section */

/* Begin PBXResourcesBuildPhase section */
		F427C020278B94CE008C3F7C /* Resources */ = {
			isa = PBXResourcesBuildPhase;
			buildActionMask = 2147483647;
			files = (
				F4D32D44279D4BD200A1059B /* VideoTableViewCell.xib in Resources */,
				F4058CBA27985096003F3604 /* Localizable.en.strings in Resources */,
				F427C032278B94CF008C3F7C /* LaunchScreen.storyboard in Resources */,
				F4C3576528A4CBA400BB8E31 /* Pods-SampleYoutube.debug.xcconfig in Resources */,
				F4058CB827985085003F3604 /* Localizable.ja.strings in Resources */,
				F4058CC2279853C8003F3604 /* Home.storyboard in Resources */,
				F427C02F278B94CF008C3F7C /* Assets.xcassets in Resources */,
				F4669622283D11090049B882 /* VideoCollectionViewCell.xib in Resources */,
				F427C02D278B94CE008C3F7C /* Main.storyboard in Resources */,
				F4C3576628A4CBA700BB8E31 /* Pods-SampleYoutube.release.xcconfig in Resources */,
				F485E9AE279EF6450091E63F /* Short.storyboard in Resources */,
			);
			runOnlyForDeploymentPostprocessing = 0;
		};
/* End PBXResourcesBuildPhase section */

/* Begin PBXShellScriptBuildPhase section */
		66E920A99C821137F0478AA7 /* [CP] Embed Pods Frameworks */ = {
			isa = PBXShellScriptBuildPhase;
			buildActionMask = 2147483647;
			files = (
			);
			inputFileListPaths = (
				"${PODS_ROOT}/Target Support Files/Pods-SampleYoutube/Pods-SampleYoutube-frameworks-${CONFIGURATION}-input-files.xcfilelist",
			);
			name = "[CP] Embed Pods Frameworks";
			outputFileListPaths = (
				"${PODS_ROOT}/Target Support Files/Pods-SampleYoutube/Pods-SampleYoutube-frameworks-${CONFIGURATION}-output-files.xcfilelist",
			);
			runOnlyForDeploymentPostprocessing = 0;
			shellPath = /bin/sh;
			shellScript = "\"${PODS_ROOT}/Target Support Files/Pods-SampleYoutube/Pods-SampleYoutube-frameworks.sh\"\n";
			showEnvVarsInLog = 0;
		};
		856F1EE63695F473D3C9B058 /* [CP] Check Pods Manifest.lock */ = {
			isa = PBXShellScriptBuildPhase;
			buildActionMask = 2147483647;
			files = (
			);
			inputFileListPaths = (
			);
			inputPaths = (
				"${PODS_PODFILE_DIR_PATH}/Podfile.lock",
				"${PODS_ROOT}/Manifest.lock",
			);
			name = "[CP] Check Pods Manifest.lock";
			outputFileListPaths = (
			);
			outputPaths = (
				"$(DERIVED_FILE_DIR)/Pods-SampleYoutube-checkManifestLockResult.txt",
			);
			runOnlyForDeploymentPostprocessing = 0;
			shellPath = /bin/sh;
			shellScript = "diff \"${PODS_PODFILE_DIR_PATH}/Podfile.lock\" \"${PODS_ROOT}/Manifest.lock\" > /dev/null\nif [ $? != 0 ] ; then\n    # print error to STDERR\n    echo \"error: The sandbox is not in sync with the Podfile.lock. Run 'pod install' or update your CocoaPods installation.\" >&2\n    exit 1\nfi\n# This output is used by Xcode 'outputs' to avoid re-running this script phase.\necho \"SUCCESS\" > \"${SCRIPT_OUTPUT_FILE_0}\"\n";
			showEnvVarsInLog = 0;
		};
/* End PBXShellScriptBuildPhase section */

/* Begin PBXSourcesBuildPhase section */
		F427C01E278B94CE008C3F7C /* Sources */ = {
			isa = PBXSourcesBuildPhase;
			buildActionMask = 2147483647;
			files = (
				F427C03E278BA445008C3F7C /* User.swift in Sources */,
				F45794D52871395600CF32A8 /* SearchViewController.swift in Sources */,
				F427C02A278B94CE008C3F7C /* ViewController.swift in Sources */,
				F427C026278B94CE008C3F7C /* AppDelegate.swift in Sources */,
				F427C028278B94CE008C3F7C /* SceneDelegate.swift in Sources */,
				F427C040278BA472008C3F7C /* Video.swift in Sources */,
				F470F7F62871E22A00C39693 /* DefaultViewController.swift in Sources */,
				F4D32D46279D836E00A1059B /* HomeViewController.swift in Sources */,
				F4D32D43279D4BD200A1059B /* VideoTableViewCell.swift in Sources */,
				F427C042278BA49A008C3F7C /* Playlist.swift in Sources */,
				F4669621283D11090049B882 /* VideoCollectionViewCell.swift in Sources */,
				F4C3576428A4885900BB8E31 /* CommonButton.swift in Sources */,
				F427C044278BA76C008C3F7C /* Account.swift in Sources */,
			);
			runOnlyForDeploymentPostprocessing = 0;
		};
/* End PBXSourcesBuildPhase section */

/* Begin PBXVariantGroup section */
		F427C02B278B94CE008C3F7C /* Main.storyboard */ = {
			isa = PBXVariantGroup;
			children = (
				F427C02C278B94CE008C3F7C /* Base */,
			);
			name = Main.storyboard;
			sourceTree = "<group>";
		};
		F427C030278B94CF008C3F7C /* LaunchScreen.storyboard */ = {
			isa = PBXVariantGroup;
			children = (
				F427C031278B94CF008C3F7C /* Base */,
			);
			name = LaunchScreen.storyboard;
			sourceTree = "<group>";
		};
/* End PBXVariantGroup section */

/* Begin XCBuildConfiguration section */
		F427C034278B94CF008C3F7C /* Debug */ = {
			isa = XCBuildConfiguration;
			buildSettings = {
				ALWAYS_SEARCH_USER_PATHS = NO;
				CLANG_ANALYZER_NONNULL = YES;
				CLANG_ANALYZER_NUMBER_OBJECT_CONVERSION = YES_AGGRESSIVE;
				CLANG_CXX_LANGUAGE_STANDARD = "gnu++17";
				CLANG_CXX_LIBRARY = "libc++";
				CLANG_ENABLE_MODULES = YES;
				CLANG_ENABLE_OBJC_ARC = YES;
				CLANG_ENABLE_OBJC_WEAK = YES;
				CLANG_WARN_BLOCK_CAPTURE_AUTORELEASING = YES;
				CLANG_WARN_BOOL_CONVERSION = YES;
				CLANG_WARN_COMMA = YES;
				CLANG_WARN_CONSTANT_CONVERSION = YES;
				CLANG_WARN_DEPRECATED_OBJC_IMPLEMENTATIONS = YES;
				CLANG_WARN_DIRECT_OBJC_ISA_USAGE = YES_ERROR;
				CLANG_WARN_DOCUMENTATION_COMMENTS = YES;
				CLANG_WARN_EMPTY_BODY = YES;
				CLANG_WARN_ENUM_CONVERSION = YES;
				CLANG_WARN_INFINITE_RECURSION = YES;
				CLANG_WARN_INT_CONVERSION = YES;
				CLANG_WARN_NON_LITERAL_NULL_CONVERSION = YES;
				CLANG_WARN_OBJC_IMPLICIT_RETAIN_SELF = YES;
				CLANG_WARN_OBJC_LITERAL_CONVERSION = YES;
				CLANG_WARN_OBJC_ROOT_CLASS = YES_ERROR;
				CLANG_WARN_QUOTED_INCLUDE_IN_FRAMEWORK_HEADER = YES;
				CLANG_WARN_RANGE_LOOP_ANALYSIS = YES;
				CLANG_WARN_STRICT_PROTOTYPES = YES;
				CLANG_WARN_SUSPICIOUS_MOVE = YES;
				CLANG_WARN_UNGUARDED_AVAILABILITY = YES_AGGRESSIVE;
				CLANG_WARN_UNREACHABLE_CODE = YES;
				CLANG_WARN__DUPLICATE_METHOD_MATCH = YES;
				COPY_PHASE_STRIP = NO;
				DEBUG_INFORMATION_FORMAT = dwarf;
				ENABLE_STRICT_OBJC_MSGSEND = YES;
				ENABLE_TESTABILITY = YES;
				GCC_C_LANGUAGE_STANDARD = gnu11;
				GCC_DYNAMIC_NO_PIC = NO;
				GCC_NO_COMMON_BLOCKS = YES;
				GCC_OPTIMIZATION_LEVEL = 0;
				GCC_PREPROCESSOR_DEFINITIONS = (
					"DEBUG=1",
					"$(inherited)",
				);
				GCC_WARN_64_TO_32_BIT_CONVERSION = YES;
				GCC_WARN_ABOUT_RETURN_TYPE = YES_ERROR;
				GCC_WARN_UNDECLARED_SELECTOR = YES;
				GCC_WARN_UNINITIALIZED_AUTOS = YES_AGGRESSIVE;
				GCC_WARN_UNUSED_FUNCTION = YES;
				GCC_WARN_UNUSED_VARIABLE = YES;
				IPHONEOS_DEPLOYMENT_TARGET = 15.2;
				MTL_ENABLE_DEBUG_INFO = INCLUDE_SOURCE;
				MTL_FAST_MATH = YES;
				ONLY_ACTIVE_ARCH = YES;
				SDKROOT = iphoneos;
				SWIFT_ACTIVE_COMPILATION_CONDITIONS = DEBUG;
				SWIFT_OPTIMIZATION_LEVEL = "-Onone";
			};
			name = Debug;
		};
		F427C035278B94CF008C3F7C /* Release */ = {
			isa = XCBuildConfiguration;
			buildSettings = {
				ALWAYS_SEARCH_USER_PATHS = NO;
				CLANG_ANALYZER_NONNULL = YES;
				CLANG_ANALYZER_NUMBER_OBJECT_CONVERSION = YES_AGGRESSIVE;
				CLANG_CXX_LANGUAGE_STANDARD = "gnu++17";
				CLANG_CXX_LIBRARY = "libc++";
				CLANG_ENABLE_MODULES = YES;
				CLANG_ENABLE_OBJC_ARC = YES;
				CLANG_ENABLE_OBJC_WEAK = YES;
				CLANG_WARN_BLOCK_CAPTURE_AUTORELEASING = YES;
				CLANG_WARN_BOOL_CONVERSION = YES;
				CLANG_WARN_COMMA = YES;
				CLANG_WARN_CONSTANT_CONVERSION = YES;
				CLANG_WARN_DEPRECATED_OBJC_IMPLEMENTATIONS = YES;
				CLANG_WARN_DIRECT_OBJC_ISA_USAGE = YES_ERROR;
				CLANG_WARN_DOCUMENTATION_COMMENTS = YES;
				CLANG_WARN_EMPTY_BODY = YES;
				CLANG_WARN_ENUM_CONVERSION = YES;
				CLANG_WARN_INFINITE_RECURSION = YES;
				CLANG_WARN_INT_CONVERSION = YES;
				CLANG_WARN_NON_LITERAL_NULL_CONVERSION = YES;
				CLANG_WARN_OBJC_IMPLICIT_RETAIN_SELF = YES;
				CLANG_WARN_OBJC_LITERAL_CONVERSION = YES;
				CLANG_WARN_OBJC_ROOT_CLASS = YES_ERROR;
				CLANG_WARN_QUOTED_INCLUDE_IN_FRAMEWORK_HEADER = YES;
				CLANG_WARN_RANGE_LOOP_ANALYSIS = YES;
				CLANG_WARN_STRICT_PROTOTYPES = YES;
				CLANG_WARN_SUSPICIOUS_MOVE = YES;
				CLANG_WARN_UNGUARDED_AVAILABILITY = YES_AGGRESSIVE;
				CLANG_WARN_UNREACHABLE_CODE = YES;
				CLANG_WARN__DUPLICATE_METHOD_MATCH = YES;
				COPY_PHASE_STRIP = NO;
				DEBUG_INFORMATION_FORMAT = "dwarf-with-dsym";
				ENABLE_NS_ASSERTIONS = NO;
				ENABLE_STRICT_OBJC_MSGSEND = YES;
				GCC_C_LANGUAGE_STANDARD = gnu11;
				GCC_NO_COMMON_BLOCKS = YES;
				GCC_WARN_64_TO_32_BIT_CONVERSION = YES;
				GCC_WARN_ABOUT_RETURN_TYPE = YES_ERROR;
				GCC_WARN_UNDECLARED_SELECTOR = YES;
				GCC_WARN_UNINITIALIZED_AUTOS = YES_AGGRESSIVE;
				GCC_WARN_UNUSED_FUNCTION = YES;
				GCC_WARN_UNUSED_VARIABLE = YES;
				IPHONEOS_DEPLOYMENT_TARGET = 15.2;
				MTL_ENABLE_DEBUG_INFO = NO;
				MTL_FAST_MATH = YES;
				SDKROOT = iphoneos;
				SWIFT_COMPILATION_MODE = wholemodule;
				SWIFT_OPTIMIZATION_LEVEL = "-O";
				VALIDATE_PRODUCT = YES;
			};
			name = Release;
		};
		F427C037278B94CF008C3F7C /* Debug */ = {
			isa = XCBuildConfiguration;
			baseConfigurationReference = 33E943910400154298BEB41B /* Pods-SampleYoutube.debug.xcconfig */;
			buildSettings = {
				ASSETCATALOG_COMPILER_APPICON_NAME = AppIcon;
				ASSETCATALOG_COMPILER_GLOBAL_ACCENT_COLOR_NAME = AccentColor;
				CODE_SIGN_STYLE = Automatic;
				CURRENT_PROJECT_VERSION = 1;
				DEVELOPMENT_TEAM = 3WQ9Z2LKN7;
				GENERATE_INFOPLIST_FILE = YES;
				INFOPLIST_FILE = SampleYoutube/Info.plist;
				INFOPLIST_KEY_UIApplicationSupportsIndirectInputEvents = YES;
				INFOPLIST_KEY_UILaunchStoryboardName = LaunchScreen;
				INFOPLIST_KEY_UIMainStoryboardFile = Main;
				INFOPLIST_KEY_UISupportedInterfaceOrientations_iPad = "UIInterfaceOrientationPortrait UIInterfaceOrientationPortraitUpsideDown UIInterfaceOrientationLandscapeLeft UIInterfaceOrientationLandscapeRight";
				INFOPLIST_KEY_UISupportedInterfaceOrientations_iPhone = "UIInterfaceOrientationPortrait UIInterfaceOrientationLandscapeLeft UIInterfaceOrientationLandscapeRight";
				LD_RUNPATH_SEARCH_PATHS = (
					"$(inherited)",
					"@executable_path/Frameworks",
				);
				MARKETING_VERSION = 1.0;
				PRODUCT_BUNDLE_IDENTIFIER = com.masaki.SampleYoutube;
				PRODUCT_NAME = "$(TARGET_NAME)";
				SWIFT_EMIT_LOC_STRINGS = YES;
				SWIFT_VERSION = 5.0;
				TARGETED_DEVICE_FAMILY = "1,2";
			};
			name = Debug;
		};
		F427C038278B94CF008C3F7C /* Release */ = {
			isa = XCBuildConfiguration;
			baseConfigurationReference = 3F9F34DAF0B42DCDC714428D /* Pods-SampleYoutube.release.xcconfig */;
			buildSettings = {
				ASSETCATALOG_COMPILER_APPICON_NAME = AppIcon;
				ASSETCATALOG_COMPILER_GLOBAL_ACCENT_COLOR_NAME = AccentColor;
				CODE_SIGN_STYLE = Automatic;
				CURRENT_PROJECT_VERSION = 1;
				DEVELOPMENT_TEAM = 3WQ9Z2LKN7;
				GENERATE_INFOPLIST_FILE = YES;
				INFOPLIST_FILE = SampleYoutube/Info.plist;
				INFOPLIST_KEY_UIApplicationSupportsIndirectInputEvents = YES;
				INFOPLIST_KEY_UILaunchStoryboardName = LaunchScreen;
				INFOPLIST_KEY_UIMainStoryboardFile = Main;
				INFOPLIST_KEY_UISupportedInterfaceOrientations_iPad = "UIInterfaceOrientationPortrait UIInterfaceOrientationPortraitUpsideDown UIInterfaceOrientationLandscapeLeft UIInterfaceOrientationLandscapeRight";
				INFOPLIST_KEY_UISupportedInterfaceOrientations_iPhone = "UIInterfaceOrientationPortrait UIInterfaceOrientationLandscapeLeft UIInterfaceOrientationLandscapeRight";
				LD_RUNPATH_SEARCH_PATHS = (
					"$(inherited)",
					"@executable_path/Frameworks",
				);
				MARKETING_VERSION = 1.0;
				PRODUCT_BUNDLE_IDENTIFIER = com.masaki.SampleYoutube;
				PRODUCT_NAME = "$(TARGET_NAME)";
				SWIFT_EMIT_LOC_STRINGS = YES;
				SWIFT_VERSION = 5.0;
				TARGETED_DEVICE_FAMILY = "1,2";
			};
			name = Release;
		};
/* End XCBuildConfiguration section */

/* Begin XCConfigurationList section */
		F427C01D278B94CE008C3F7C /* Build configuration list for PBXProject "SampleYoutube" */ = {
			isa = XCConfigurationList;
			buildConfigurations = (
				F427C034278B94CF008C3F7C /* Debug */,
				F427C035278B94CF008C3F7C /* Release */,
			);
			defaultConfigurationIsVisible = 0;
			defaultConfigurationName = Release;
		};
		F427C036278B94CF008C3F7C /* Build configuration list for PBXNativeTarget "SampleYoutube" */ = {
			isa = XCConfigurationList;
			buildConfigurations = (
				F427C037278B94CF008C3F7C /* Debug */,
				F427C038278B94CF008C3F7C /* Release */,
			);
			defaultConfigurationIsVisible = 0;
			defaultConfigurationName = Release;
		};
/* End XCConfigurationList section */
	};
	rootObject = F427C01A278B94CE008C3F7C /* Project object */;
}
